# This file is automatically @generated by Poetry 1.8.2 and should not be changed by hand.

[[package]]
name = "coloredlog"
version = "0.2.5"
description = "Colorize your console output."
optional = false
python-versions = ">=3.6"
files = [
    {file = "coloredlog-0.2.5-py3-none-any.whl", hash = "sha256:9334d73103cad8cb296248961710a8ce5a09ab63905905a81635fd7980538bb9"},
    {file = "coloredlog-0.2.5.tar.gz", hash = "sha256:f17d3b4ed8acb4df346edb4a5b3c619769cdc88d2b2f3c5023e3f9d0b869d732"},
]

[metadata]
lock-version = "2.0"
python-versions = "^3.8"
content-hash = "49f5f991411ace972e310e0431c1bfee2fbe9f457044d98f506d43b41b2696eb"
